
Microsoft Visual Studio Solution File, Format Version 12.00
# Visual Studio Version 17
VisualStudioVersion = 17.9.34723.18
MinimumVisualStudioVersion = 10.0.40219.1
Project("{FAE04EC0-301F-11D3-BF4B-00C04F79EFBC}") = "Pizzeria", "Pizzeria\Pizzeria.csproj", "{F53AC403-BE8A-4873-B014-ECEDD3AD5D24}"
EndProject
Global
	GlobalSection(SolutionConfigurationPlatforms) = preSolution
		Debug|Any CPU = Debug|Any CPU
		Release|Any CPU = Release|Any CPU
	EndGlobalSection
	GlobalSection(ProjectConfigurationPlatforms) = postSolution
		{F53AC403-BE8A-4873-B014-ECEDD3AD5D24}.Debug|Any CPU.ActiveCfg = Debug|Any CPU
		{F53AC403-BE8A-4873-B014-ECEDD3AD5D24}.Debug|Any CPU.Build.0 = Debug|Any CPU
		{F53AC403-BE8A-4873-B014-ECEDD3AD5D24}.Release|Any CPU.ActiveCfg = Release|Any CPU
		{F53AC403-BE8A-4873-B014-ECEDD3AD5D24}.Release|Any CPU.Build.0 = Release|Any CPU
	EndGlobalSection
	GlobalSection(SolutionProperties) = preSolution
		HideSolutionNode = FALSE
	EndGlobalSection
	GlobalSection(ExtensibilityGlobals) = postSolution
		SolutionGuid = {7C8A96FA-B56C-43C7-A7E4-F082EA5CC16E}
	EndGlobalSection
EndGlobal
